schema: '2.0'
stages:
  load_data:
    cmd: python src/load_data.py --config=params.yaml
    deps:
    - path: data_given/winequality.csv
      md5: ccc8d3507eb151f53f760d36abdef888
      size: 91998
    - path: src/get_data.py
      md5: 4fd4af1fca0d3532fd7fb0634fadce5f
      size: 714
    - path: src/load_data.py
      md5: bfac391a327272219579974869ee770f
      size: 683
    outs:
    - path: data/raw/winequality.csv
      md5: d98e8f2eca228c11c4de1cc96866a54d
      size: 93598
  split_data:
    cmd: python src/split_data.py --config=params.yaml
    deps:
    - path: data/raw/winequality.csv
      md5: d98e8f2eca228c11c4de1cc96866a54d
      size: 93598
    - path: src/split_data.py
      md5: 84c741613e29c09243d333f3f512f1b9
      size: 1000
    outs:
    - path: data/processed/test_winequality.csv
      md5: b822038a8d601677e06c4b74211b9e2f
      size: 18831
    - path: data/processed/train_winequality.csv
      md5: fa1fdbf46c120dda7387d38840c7f73c
      size: 74913
